
Microsoft Visual Studio Solution File, Format Version 11.00
# Visual Studio 2010
Project("{FAE04EC0-301F-11D3-BF4B-00C04F79EFBC}") = "Oficina", "Oficina\Oficina.csproj", "{983A20DB-4CF9-4352-BE1D-B5AF2544FE49}"
EndProject
Project("{FAE04EC0-301F-11D3-BF4B-00C04F79EFBC}") = "Oficina.Aplicacion", "Oficina.Aplicacion\Oficina.Aplicacion.csproj", "{43E9B512-5324-42CF-B472-75DDC44417EB}"
EndProject
Project("{FAE04EC0-301F-11D3-BF4B-00C04F79EFBC}") = "OficinaTest", "OficinaTest\OficinaTest.csproj", "{8DB2F2ED-4A8B-4550-8D58-3DCACEEE5084}"
EndProject
Project("{FAE04EC0-301F-11D3-BF4B-00C04F79EFBC}") = "ConsoleUI", "ConsoleUI\ConsoleUI.csproj", "{D88CAA33-6CAB-4412-8F8F-A02FA5D88262}"
EndProject
Global
	GlobalSection(SolutionConfigurationPlatforms) = preSolution
		Debug|Any CPU = Debug|Any CPU
		Debug|Mixed Platforms = Debug|Mixed Platforms
		Debug|x86 = Debug|x86
		Release|Any CPU = Release|Any CPU
		Release|Mixed Platforms = Release|Mixed Platforms
		Release|x86 = Release|x86
	EndGlobalSection
	GlobalSection(ProjectConfigurationPlatforms) = postSolution
		{983A20DB-4CF9-4352-BE1D-B5AF2544FE49}.Debug|Any CPU.ActiveCfg = Debug|x86
		{983A20DB-4CF9-4352-BE1D-B5AF2544FE49}.Debug|Mixed Platforms.ActiveCfg = Debug|x86
		{983A20DB-4CF9-4352-BE1D-B5AF2544FE49}.Debug|Mixed Platforms.Build.0 = Debug|x86
		{983A20DB-4CF9-4352-BE1D-B5AF2544FE49}.Debug|x86.ActiveCfg = Debug|x86
		{983A20DB-4CF9-4352-BE1D-B5AF2544FE49}.Debug|x86.Build.0 = Debug|x86
		{983A20DB-4CF9-4352-BE1D-B5AF2544FE49}.Release|Any CPU.ActiveCfg = Release|x86
		{983A20DB-4CF9-4352-BE1D-B5AF2544FE49}.Release|Mixed Platforms.ActiveCfg = Release|x86
		{983A20DB-4CF9-4352-BE1D-B5AF2544FE49}.Release|Mixed Platforms.Build.0 = Release|x86
		{983A20DB-4CF9-4352-BE1D-B5AF2544FE49}.Release|x86.ActiveCfg = Release|x86
		{983A20DB-4CF9-4352-BE1D-B5AF2544FE49}.Release|x86.Build.0 = Release|x86
		{43E9B512-5324-42CF-B472-75DDC44417EB}.Debug|Any CPU.ActiveCfg = Debug|x86
		{43E9B512-5324-42CF-B472-75DDC44417EB}.Debug|Mixed Platforms.ActiveCfg = Debug|x86
		{43E9B512-5324-42CF-B472-75DDC44417EB}.Debug|Mixed Platforms.Build.0 = Debug|x86
		{43E9B512-5324-42CF-B472-75DDC44417EB}.Debug|x86.ActiveCfg = Debug|x86
		{43E9B512-5324-42CF-B472-75DDC44417EB}.Debug|x86.Build.0 = Debug|x86
		{43E9B512-5324-42CF-B472-75DDC44417EB}.Release|Any CPU.ActiveCfg = Release|x86
		{43E9B512-5324-42CF-B472-75DDC44417EB}.Release|Mixed Platforms.ActiveCfg = Release|x86
		{43E9B512-5324-42CF-B472-75DDC44417EB}.Release|Mixed Platforms.Build.0 = Release|x86
		{43E9B512-5324-42CF-B472-75DDC44417EB}.Release|x86.ActiveCfg = Release|x86
		{43E9B512-5324-42CF-B472-75DDC44417EB}.Release|x86.Build.0 = Release|x86
		{8DB2F2ED-4A8B-4550-8D58-3DCACEEE5084}.Debug|Any CPU.ActiveCfg = Debug|Any CPU
		{8DB2F2ED-4A8B-4550-8D58-3DCACEEE5084}.Debug|Any CPU.Build.0 = Debug|Any CPU
		{8DB2F2ED-4A8B-4550-8D58-3DCACEEE5084}.Debug|Mixed Platforms.ActiveCfg = Debug|Any CPU
		{8DB2F2ED-4A8B-4550-8D58-3DCACEEE5084}.Debug|Mixed Platforms.Build.0 = Debug|Any CPU
		{8DB2F2ED-4A8B-4550-8D58-3DCACEEE5084}.Debug|x86.ActiveCfg = Debug|Any CPU
		{8DB2F2ED-4A8B-4550-8D58-3DCACEEE5084}.Release|Any CPU.ActiveCfg = Release|Any CPU
		{8DB2F2ED-4A8B-4550-8D58-3DCACEEE5084}.Release|Any CPU.Build.0 = Release|Any CPU
		{8DB2F2ED-4A8B-4550-8D58-3DCACEEE5084}.Release|Mixed Platforms.ActiveCfg = Release|Any CPU
		{8DB2F2ED-4A8B-4550-8D58-3DCACEEE5084}.Release|Mixed Platforms.Build.0 = Release|Any CPU
		{8DB2F2ED-4A8B-4550-8D58-3DCACEEE5084}.Release|x86.ActiveCfg = Release|Any CPU
		{D88CAA33-6CAB-4412-8F8F-A02FA5D88262}.Debug|Any CPU.ActiveCfg = Debug|x86
		{D88CAA33-6CAB-4412-8F8F-A02FA5D88262}.Debug|Mixed Platforms.ActiveCfg = Debug|x86
		{D88CAA33-6CAB-4412-8F8F-A02FA5D88262}.Debug|Mixed Platforms.Build.0 = Debug|x86
		{D88CAA33-6CAB-4412-8F8F-A02FA5D88262}.Debug|x86.ActiveCfg = Debug|x86
		{D88CAA33-6CAB-4412-8F8F-A02FA5D88262}.Debug|x86.Build.0 = Debug|x86
		{D88CAA33-6CAB-4412-8F8F-A02FA5D88262}.Release|Any CPU.ActiveCfg = Release|x86
		{D88CAA33-6CAB-4412-8F8F-A02FA5D88262}.Release|Mixed Platforms.ActiveCfg = Release|x86
		{D88CAA33-6CAB-4412-8F8F-A02FA5D88262}.Release|Mixed Platforms.Build.0 = Release|x86
		{D88CAA33-6CAB-4412-8F8F-A02FA5D88262}.Release|x86.ActiveCfg = Release|x86
		{D88CAA33-6CAB-4412-8F8F-A02FA5D88262}.Release|x86.Build.0 = Release|x86
	EndGlobalSection
	GlobalSection(SolutionProperties) = preSolution
		HideSolutionNode = FALSE
	EndGlobalSection
EndGlobal
